
Microsoft Visual Studio Solution File, Format Version 12.00
# Visual Studio 15
VisualStudioVersion = 15.0.28307.168
MinimumVisualStudioVersion = 10.0.40219.1
Project("{8BC9CEB8-8B4A-11D0-8D11-00A0C91BC942}") = "ClientSide", "WebServ\WebServ.vcxproj", "{39962B99-7FF1-4513-9377-857A7826CBAE}"
EndProject
Project("{8BC9CEB8-8B4A-11D0-8D11-00A0C91BC942}") = "ServerSide", "ServerSide\ServerSide.vcxproj", "{441F9686-4BF6-4962-BB32-46DE34877A8B}"
EndProject
Project("{8BC9CEB8-8B4A-11D0-8D11-00A0C91BC942}") = "ServerSideUnitTests", "ServerSideUnitTests\ServerSideUnitTests.vcxproj", "{FD7287A3-BA89-4E21-B1D3-7738FCD8A977}"
EndProject
Global
	GlobalSection(SolutionConfigurationPlatforms) = preSolution
		Debug|x64 = Debug|x64
		Debug|x86 = Debug|x86
		Release|x64 = Release|x64
		Release|x86 = Release|x86
	EndGlobalSection
	GlobalSection(ProjectConfigurationPlatforms) = postSolution
		{39962B99-7FF1-4513-9377-857A7826CBAE}.Debug|x64.ActiveCfg = Debug|x64
		{39962B99-7FF1-4513-9377-857A7826CBAE}.Debug|x64.Build.0 = Debug|x64
		{39962B99-7FF1-4513-9377-857A7826CBAE}.Debug|x86.ActiveCfg = Debug|x64
		{39962B99-7FF1-4513-9377-857A7826CBAE}.Debug|x86.Build.0 = Debug|x64
		{39962B99-7FF1-4513-9377-857A7826CBAE}.Release|x64.ActiveCfg = Debug|x64
		{39962B99-7FF1-4513-9377-857A7826CBAE}.Release|x64.Build.0 = Debug|x64
		{39962B99-7FF1-4513-9377-857A7826CBAE}.Release|x86.ActiveCfg = Debug|x64
		{39962B99-7FF1-4513-9377-857A7826CBAE}.Release|x86.Build.0 = Debug|x64
		{441F9686-4BF6-4962-BB32-46DE34877A8B}.Debug|x64.ActiveCfg = Debug|x64
		{441F9686-4BF6-4962-BB32-46DE34877A8B}.Debug|x64.Build.0 = Debug|x64
		{441F9686-4BF6-4962-BB32-46DE34877A8B}.Debug|x86.ActiveCfg = Debug|x64
		{441F9686-4BF6-4962-BB32-46DE34877A8B}.Debug|x86.Build.0 = Debug|x64
		{441F9686-4BF6-4962-BB32-46DE34877A8B}.Release|x64.ActiveCfg = Debug|x64
		{441F9686-4BF6-4962-BB32-46DE34877A8B}.Release|x64.Build.0 = Debug|x64
		{441F9686-4BF6-4962-BB32-46DE34877A8B}.Release|x86.ActiveCfg = Debug|x64
		{441F9686-4BF6-4962-BB32-46DE34877A8B}.Release|x86.Build.0 = Debug|x64
		{FD7287A3-BA89-4E21-B1D3-7738FCD8A977}.Debug|x64.ActiveCfg = Debug|x64
		{FD7287A3-BA89-4E21-B1D3-7738FCD8A977}.Debug|x86.ActiveCfg = Debug|x64
		{FD7287A3-BA89-4E21-B1D3-7738FCD8A977}.Debug|x86.Build.0 = Debug|x64
		{FD7287A3-BA89-4E21-B1D3-7738FCD8A977}.Release|x64.ActiveCfg = Debug|x64
		{FD7287A3-BA89-4E21-B1D3-7738FCD8A977}.Release|x64.Build.0 = Debug|x64
		{FD7287A3-BA89-4E21-B1D3-7738FCD8A977}.Release|x86.ActiveCfg = Debug|x64
		{FD7287A3-BA89-4E21-B1D3-7738FCD8A977}.Release|x86.Build.0 = Debug|x64
	EndGlobalSection
	GlobalSection(SolutionProperties) = preSolution
		HideSolutionNode = FALSE
	EndGlobalSection
	GlobalSection(ExtensibilityGlobals) = postSolution
		SolutionGuid = {AE55B6C4-671A-424E-8E5C-A1827B99D377}
	EndGlobalSection
EndGlobal
