<?xml version="1.0" encoding="utf-8"?>
<Project ToolsVersion="4.0" xmlns="http://schemas.microsoft.com/developer/msbuild/2003">
  <ItemGroup>
    <Filter Include="Pliki źródłowe">
      <UniqueIdentifier>{4FC737F1-C7A5-4376-A066-2A32D752A2FF}</UniqueIdentifier>
      <Extensions>cpp;c;cc;cxx;def;odl;idl;hpj;bat;asm;asmx</Extensions>
    </Filter>
    <Filter Include="Pliki nagłówkowe">
      <UniqueIdentifier>{93995380-89BD-4b04-88EB-625FBE52EBFB}</UniqueIdentifier>
      <Extensions>h;hh;hpp;hxx;hm;inl;inc;ipp;xsd</Extensions>
    </Filter>
    <Filter Include="Pliki zasobów">
      <UniqueIdentifier>{67DA6AB6-F800-4c08-8B7A-83BB121AAD01}</UniqueIdentifier>
      <Extensions>rc;ico;cur;bmp;dlg;rc2;rct;bin;rgs;gif;jpg;jpeg;jpe;resx;tiff;tif;png;wav;mfcribbon-ms</Extensions>
    </Filter>
    <Filter Include="Server resources">
      <UniqueIdentifier>{49fcc8c8-f865-4e09-a05a-dc30e335ca4d}</UniqueIdentifier>
    </Filter>
    <Filter Include="Server resources\Router resources">
      <UniqueIdentifier>{c43647ab-5a6e-43fc-8b91-f27ca911108e}</UniqueIdentifier>
    </Filter>
    <Filter Include="Server resources\Queues resources">
      <UniqueIdentifier>{55800cf9-3a35-4a07-88b1-85f53cee38c8}</UniqueIdentifier>
    </Filter>
    <Filter Include="Server resources\Request Handler">
      <UniqueIdentifier>{d135a1a9-857d-4735-8f07-ea34b90a33e1}</UniqueIdentifier>
    </Filter>
    <Filter Include="Server resources\Database Handler">
      <UniqueIdentifier>{e888dd19-4dd3-455a-886a-8083ccf33c6d}</UniqueIdentifier>
    </Filter>
    <Filter Include="Server resources\Queues resources\QueryQueue">
      <UniqueIdentifier>{a26a069b-1ec0-4b2a-9aae-87ab9f68b560}</UniqueIdentifier>
    </Filter>
    <Filter Include="Server resources\Queues resources\QueryQueue\ResultQueryQueue">
      <UniqueIdentifier>{43c6461e-7c31-44fe-be9b-9ce8093e4716}</UniqueIdentifier>
    </Filter>
    <Filter Include="Server resources\Queues resources\QueryQueue\NonResultQueryQueue">
      <UniqueIdentifier>{6471a598-2c4d-4de9-8478-93647251fa0f}</UniqueIdentifier>
    </Filter>
    <Filter Include="Server resources\Queues resources\RequestQueue">
      <UniqueIdentifier>{4618bf85-ea42-46e3-b692-20fa94970c72}</UniqueIdentifier>
    </Filter>
    <Filter Include="Server resources\Request Handler\Database Mapper">
      <UniqueIdentifier>{28b795ef-0098-41b6-a2aa-86b1a6d67b98}</UniqueIdentifier>
    </Filter>
    <Filter Include="Server resources\Request Handler\Database Mapper\Database Tables">
      <UniqueIdentifier>{8fd25911-8349-481b-91d4-71f955827bb5}</UniqueIdentifier>
    </Filter>
    <Filter Include="Server resources\Request Handler\Database Mapper\Database Tables\Entities">
      <UniqueIdentifier>{15ed491e-55fc-4735-9fd5-96d1b310b645}</UniqueIdentifier>
    </Filter>
    <Filter Include="Server resources\Request Handler\Translator XML">
      <UniqueIdentifier>{77c7aae9-e318-4d15-9828-22762f79628d}</UniqueIdentifier>
    </Filter>
  </ItemGroup>
  <ItemGroup>
    <ClInclude Include="pch.h">
      <Filter>Pliki nagłówkowe</Filter>
    </ClInclude>
    <ClInclude Include="resource.h">
      <Filter>Pliki nagłówkowe</Filter>
    </ClInclude>
    <ClInclude Include="Router.h">
      <Filter>Server resources\Router resources</Filter>
    </ClInclude>
    <ClInclude Include="Client.h">
      <Filter>Server resources\Router resources</Filter>
    </ClInclude>
    <ClInclude Include="ConnectedClientsList.h">
      <Filter>Server resources\Router resources</Filter>
    </ClInclude>
    <ClInclude Include="Listener.h">
      <Filter>Server resources\Router resources</Filter>
    </ClInclude>
    <ClInclude Include="ResponseHandler.h">
      <Filter>Server resources\Request Handler</Filter>
    </ClInclude>
    <ClInclude Include="..\..\..\..\..\..\CPP Libraries\Boost\boost_1_70_0\boost\smart_ptr\scoped_ptr.hpp">
      <Filter>Pliki źródłowe</Filter>
    </ClInclude>
    <ClInclude Include="Server.h">
      <Filter>Server resources</Filter>
    </ClInclude>
    <ClInclude Include="ExceptionsSystem.h">
      <Filter>Server resources</Filter>
    </ClInclude>
    <ClInclude Include="MaterialEntity.h">
      <Filter>Server resources\Request Handler\Database Mapper\Database Tables\Entities</Filter>
    </ClInclude>
    <ClInclude Include="MappingInterface.h">
      <Filter>Server resources\Request Handler\Database Mapper\Database Tables</Filter>
    </ClInclude>
    <ClInclude Include="DatabaseHandler.h">
      <Filter>Server resources\Database Handler</Filter>
    </ClInclude>
    <ClInclude Include="QueryGenerator.h">
      <Filter>Server resources\Database Handler</Filter>
    </ClInclude>
    <ClInclude Include="Request.h">
      <Filter>Server resources\Queues resources\RequestQueue</Filter>
    </ClInclude>
    <ClInclude Include="QueueTemplate.h">
      <Filter>Server resources\Queues resources</Filter>
    </ClInclude>
    <ClInclude Include="NonResultQuery.h">
      <Filter>Server resources\Queues resources\QueryQueue\NonResultQueryQueue</Filter>
    </ClInclude>
    <ClInclude Include="NonResultQueryQueue.h">
      <Filter>Server resources\Queues resources\QueryQueue\NonResultQueryQueue</Filter>
    </ClInclude>
    <ClInclude Include="ResultQuery.h">
      <Filter>Server resources\Queues resources\QueryQueue\ResultQueryQueue</Filter>
    </ClInclude>
    <ClInclude Include="ResultQueryQueue.h">
      <Filter>Server resources\Queues resources\QueryQueue\ResultQueryQueue</Filter>
    </ClInclude>
    <ClInclude Include="RequestsQueue.h">
      <Filter>Server resources\Queues resources\RequestQueue</Filter>
    </ClInclude>
    <ClInclude Include="MaterialTable.h">
      <Filter>Server resources\Request Handler\Database Mapper\Database Tables</Filter>
    </ClInclude>
    <ClInclude Include="TableInterface.h">
      <Filter>Server resources\Request Handler\Database Mapper\Database Tables</Filter>
    </ClInclude>
    <ClInclude Include="DataBaseMap.h">
      <Filter>Server resources\Request Handler\Database Mapper</Filter>
    </ClInclude>
    <ClInclude Include="DocumentXml.h">
      <Filter>Server resources\Request Handler\Translator XML</Filter>
    </ClInclude>
    <ClInclude Include="RequestHandler.h">
      <Filter>Server resources\Request Handler\Translator XML</Filter>
    </ClInclude>
  </ItemGroup>
  <ItemGroup>
    <ClCompile Include="pch.cpp">
      <Filter>Pliki źródłowe</Filter>
    </ClCompile>
    <ClCompile Include="ServerSide.cpp">
      <Filter>Pliki źródłowe</Filter>
    </ClCompile>
    <ClCompile Include="Client.cpp">
      <Filter>Server resources\Router resources</Filter>
    </ClCompile>
    <ClCompile Include="Listener.cpp">
      <Filter>Server resources\Router resources</Filter>
    </ClCompile>
    <ClCompile Include="Router.cpp">
      <Filter>Server resources\Router resources</Filter>
    </ClCompile>
    <ClCompile Include="ConnectedClientsList.cpp">
      <Filter>Server resources\Router resources</Filter>
    </ClCompile>
    <ClCompile Include="ResponseHandler.cpp">
      <Filter>Server resources\Request Handler</Filter>
    </ClCompile>
    <ClCompile Include="Server.cpp">
      <Filter>Server resources</Filter>
    </ClCompile>
    <ClCompile Include="MaterialEntity.cpp">
      <Filter>Server resources\Request Handler\Database Mapper\Database Tables\Entities</Filter>
    </ClCompile>
    <ClCompile Include="DatabaseHandler.cpp">
      <Filter>Server resources\Database Handler</Filter>
    </ClCompile>
    <ClCompile Include="QueryGenerator.cpp">
      <Filter>Server resources\Database Handler</Filter>
    </ClCompile>
    <ClCompile Include="Request.cpp">
      <Filter>Server resources\Queues resources\RequestQueue</Filter>
    </ClCompile>
    <ClCompile Include="NonResultQuery.cpp">
      <Filter>Server resources\Queues resources\QueryQueue\NonResultQueryQueue</Filter>
    </ClCompile>
    <ClCompile Include="NonResultQueryQueue.cpp">
      <Filter>Server resources\Queues resources\QueryQueue\NonResultQueryQueue</Filter>
    </ClCompile>
    <ClCompile Include="ResultQuery.cpp">
      <Filter>Server resources\Queues resources\QueryQueue\ResultQueryQueue</Filter>
    </ClCompile>
    <ClCompile Include="ResultQueryQueue.cpp">
      <Filter>Server resources\Queues resources\QueryQueue\ResultQueryQueue</Filter>
    </ClCompile>
    <ClCompile Include="RequestsQueue.cpp">
      <Filter>Server resources\Queues resources\RequestQueue</Filter>
    </ClCompile>
    <ClCompile Include="MaterialTable.cpp">
      <Filter>Server resources\Request Handler\Database Mapper\Database Tables</Filter>
    </ClCompile>
    <ClCompile Include="DataBaseMap.cpp">
      <Filter>Server resources\Request Handler\Database Mapper</Filter>
    </ClCompile>
    <ClCompile Include="DocumentXml.cpp">
      <Filter>Server resources\Request Handler\Translator XML</Filter>
    </ClCompile>
    <ClCompile Include="RequestHandler.cpp">
      <Filter>Server resources\Request Handler\Translator XML</Filter>
    </ClCompile>
  </ItemGroup>
  <ItemGroup>
    <ResourceCompile Include="ServerSide.rc">
      <Filter>Pliki zasobów</Filter>
    </ResourceCompile>
  </ItemGroup>
  <ItemGroup>
    <None Include="packages.config" />
  </ItemGroup>
</Project>