<?xml version="1.0" encoding="utf-8"?>
<Project ToolsVersion="4.0" xmlns="http://schemas.microsoft.com/developer/msbuild/2003">
  <ItemGroup>
    <Filter Include="Pliki źródłowe">
      <UniqueIdentifier>{4FC737F1-C7A5-4376-A066-2A32D752A2FF}</UniqueIdentifier>
      <Extensions>cpp;c;cc;cxx;def;odl;idl;hpj;bat;asm;asmx</Extensions>
    </Filter>
    <Filter Include="Pliki nagłówkowe">
      <UniqueIdentifier>{93995380-89BD-4b04-88EB-625FBE52EBFB}</UniqueIdentifier>
      <Extensions>h;hh;hpp;hxx;hm;inl;inc;ipp;xsd</Extensions>
    </Filter>
    <Filter Include="Pliki zasobów">
      <UniqueIdentifier>{67DA6AB6-F800-4c08-8B7A-83BB121AAD01}</UniqueIdentifier>
      <Extensions>rc;ico;cur;bmp;dlg;rc2;rct;bin;rgs;gif;jpg;jpeg;jpe;resx;tiff;tif;png;wav;mfcribbon-ms</Extensions>
    </Filter>
    <Filter Include="Server resources">
      <UniqueIdentifier>{49fcc8c8-f865-4e09-a05a-dc30e335ca4d}</UniqueIdentifier>
    </Filter>
    <Filter Include="Server resources\Router resources">
      <UniqueIdentifier>{c43647ab-5a6e-43fc-8b91-f27ca911108e}</UniqueIdentifier>
    </Filter>
    <Filter Include="Server resources\Logic Layer resources">
      <UniqueIdentifier>{d135a1a9-857d-4735-8f07-ea34b90a33e1}</UniqueIdentifier>
    </Filter>
  </ItemGroup>
  <ItemGroup>
    <ClInclude Include="pch.h">
      <Filter>Pliki nagłówkowe</Filter>
    </ClInclude>
    <ClInclude Include="Server.h">
      <Filter>Pliki nagłówkowe</Filter>
    </ClInclude>
    <ClInclude Include="resource.h">
      <Filter>Pliki nagłówkowe</Filter>
    </ClInclude>
    <ClInclude Include="Router.h">
      <Filter>Server resources\Router resources</Filter>
    </ClInclude>
    <ClInclude Include="Client.h">
      <Filter>Server resources\Router resources</Filter>
    </ClInclude>
    <ClInclude Include="ConnectedClientsList.h">
      <Filter>Server resources\Router resources</Filter>
    </ClInclude>
    <ClInclude Include="Listener.h">
      <Filter>Server resources\Router resources</Filter>
    </ClInclude>
    <ClInclude Include="RequestResponseObject.h">
      <Filter>Server resources\Router resources</Filter>
    </ClInclude>
    <ClInclude Include="RequestHandler.h">
      <Filter>Server resources\Logic Layer resources</Filter>
    </ClInclude>
    <ClInclude Include="ResponseHandler.h">
      <Filter>Server resources\Logic Layer resources</Filter>
    </ClInclude>
    <ClInclude Include="TranslatorXML.h">
      <Filter>Server resources\Logic Layer resources</Filter>
    </ClInclude>
    <ClInclude Include="RequestsQueue.h">
      <Filter>Server resources</Filter>
    </ClInclude>
  </ItemGroup>
  <ItemGroup>
    <ClCompile Include="pch.cpp">
      <Filter>Pliki źródłowe</Filter>
    </ClCompile>
    <ClCompile Include="ServerSide.cpp">
      <Filter>Pliki źródłowe</Filter>
    </ClCompile>
    <ClCompile Include="Server.cpp">
      <Filter>Pliki źródłowe</Filter>
    </ClCompile>
    <ClCompile Include="Client.cpp">
      <Filter>Server resources\Router resources</Filter>
    </ClCompile>
    <ClCompile Include="Listener.cpp">
      <Filter>Server resources\Router resources</Filter>
    </ClCompile>
    <ClCompile Include="Router.cpp">
      <Filter>Server resources\Router resources</Filter>
    </ClCompile>
    <ClCompile Include="ConnectedClientsList.cpp">
      <Filter>Server resources\Router resources</Filter>
    </ClCompile>
    <ClCompile Include="RequestHandler.cpp">
      <Filter>Server resources\Logic Layer resources</Filter>
    </ClCompile>
    <ClCompile Include="ResponseHandler.cpp">
      <Filter>Server resources\Logic Layer resources</Filter>
    </ClCompile>
    <ClCompile Include="RequestResponseObject.cpp">
      <Filter>Server resources\Router resources</Filter>
    </ClCompile>
    <ClCompile Include="TranslatorXML.cpp">
      <Filter>Server resources\Logic Layer resources</Filter>
    </ClCompile>
    <ClCompile Include="RequestsQueue.cpp">
      <Filter>Server resources</Filter>
    </ClCompile>
  </ItemGroup>
  <ItemGroup>
    <ResourceCompile Include="ServerSide.rc">
      <Filter>Pliki zasobów</Filter>
    </ResourceCompile>
  </ItemGroup>
  <ItemGroup>
    <None Include="packages.config" />
  </ItemGroup>
</Project>