<?xml version="1.0" encoding="utf-8"?>
<Project ToolsVersion="4.0" xmlns="http://schemas.microsoft.com/developer/msbuild/2003">
  <ItemGroup>
    <Filter Include="Pliki źródłowe">
      <UniqueIdentifier>{4FC737F1-C7A5-4376-A066-2A32D752A2FF}</UniqueIdentifier>
      <Extensions>cpp;c;cc;cxx;def;odl;idl;hpj;bat;asm;asmx</Extensions>
    </Filter>
    <Filter Include="Pliki nagłówkowe">
      <UniqueIdentifier>{93995380-89BD-4b04-88EB-625FBE52EBFB}</UniqueIdentifier>
      <Extensions>h;hh;hpp;hxx;hm;inl;inc;ipp;xsd</Extensions>
    </Filter>
    <Filter Include="Pliki zasobów">
      <UniqueIdentifier>{67DA6AB6-F800-4c08-8B7A-83BB121AAD01}</UniqueIdentifier>
      <Extensions>rc;ico;cur;bmp;dlg;rc2;rct;bin;rgs;gif;jpg;jpeg;jpe;resx;tiff;tif;png;wav;mfcribbon-ms</Extensions>
    </Filter>
    <Filter Include="Server resources">
      <UniqueIdentifier>{49fcc8c8-f865-4e09-a05a-dc30e335ca4d}</UniqueIdentifier>
    </Filter>
    <Filter Include="Server resources\Router resources">
      <UniqueIdentifier>{c43647ab-5a6e-43fc-8b91-f27ca911108e}</UniqueIdentifier>
    </Filter>
    <Filter Include="Server resources\Logic Layer resources">
      <UniqueIdentifier>{d135a1a9-857d-4735-8f07-ea34b90a33e1}</UniqueIdentifier>
    </Filter>
    <Filter Include="Server resources\Logic Layer resources\Database Handler">
      <UniqueIdentifier>{e888dd19-4dd3-455a-886a-8083ccf33c6d}</UniqueIdentifier>
    </Filter>
    <Filter Include="Server resources\Queues resources">
      <UniqueIdentifier>{55800cf9-3a35-4a07-88b1-85f53cee38c8}</UniqueIdentifier>
    </Filter>
    <Filter Include="Server resources\Logic Layer resources\Database Handler\Database Tables">
      <UniqueIdentifier>{56ed1742-560a-403e-a7a3-01881623c40c}</UniqueIdentifier>
    </Filter>
    <Filter Include="Server resources\Logic Layer resources\Database Handler\Database Tables\Material Table">
      <UniqueIdentifier>{cbe14493-5478-4f0d-98b7-b7bb684bc964}</UniqueIdentifier>
    </Filter>
    <Filter Include="Server resources\Logic Layer resources\Database Handler\Database Tables 2">
      <UniqueIdentifier>{8fd25911-8349-481b-91d4-71f955827bb5}</UniqueIdentifier>
    </Filter>
    <Filter Include="Server resources\Logic Layer resources\Database Handler\Database Tables 2\Entities">
      <UniqueIdentifier>{15ed491e-55fc-4735-9fd5-96d1b310b645}</UniqueIdentifier>
    </Filter>
  </ItemGroup>
  <ItemGroup>
    <ClInclude Include="pch.h">
      <Filter>Pliki nagłówkowe</Filter>
    </ClInclude>
    <ClInclude Include="resource.h">
      <Filter>Pliki nagłówkowe</Filter>
    </ClInclude>
    <ClInclude Include="Router.h">
      <Filter>Server resources\Router resources</Filter>
    </ClInclude>
    <ClInclude Include="Client.h">
      <Filter>Server resources\Router resources</Filter>
    </ClInclude>
    <ClInclude Include="ConnectedClientsList.h">
      <Filter>Server resources\Router resources</Filter>
    </ClInclude>
    <ClInclude Include="Listener.h">
      <Filter>Server resources\Router resources</Filter>
    </ClInclude>
    <ClInclude Include="RequestHandler.h">
      <Filter>Server resources\Logic Layer resources</Filter>
    </ClInclude>
    <ClInclude Include="ResponseHandler.h">
      <Filter>Server resources\Logic Layer resources</Filter>
    </ClInclude>
    <ClInclude Include="Request.h">
      <Filter>Server resources\Router resources</Filter>
    </ClInclude>
    <ClInclude Include="..\..\..\..\..\..\CPP Libraries\Boost\boost_1_70_0\boost\smart_ptr\scoped_ptr.hpp">
      <Filter>Pliki źródłowe</Filter>
    </ClInclude>
    <ClInclude Include="DatabaseHandler.h">
      <Filter>Server resources\Logic Layer resources\Database Handler</Filter>
    </ClInclude>
    <ClInclude Include="RequestTranslatorXML.h">
      <Filter>Server resources\Logic Layer resources</Filter>
    </ClInclude>
    <ClInclude Include="Server.h">
      <Filter>Server resources</Filter>
    </ClInclude>
    <ClInclude Include="RequestsQueue.h">
      <Filter>Server resources\Queues resources</Filter>
    </ClInclude>
    <ClInclude Include="ExceptionsSystem.h">
      <Filter>Server resources</Filter>
    </ClInclude>
    <ClInclude Include="QueryGenerator.h">
      <Filter>Server resources\Logic Layer resources\Database Handler</Filter>
    </ClInclude>
    <ClInclude Include="MaterialTable.h">
      <Filter>Server resources\Logic Layer resources\Database Handler\Database Tables\Material Table</Filter>
    </ClInclude>
    <ClInclude Include="MaterialEntity.h">
      <Filter>Server resources\Logic Layer resources\Database Handler\Database Tables\Material Table</Filter>
    </ClInclude>
    <ClInclude Include="EntityAbstract.h">
      <Filter>Server resources\Logic Layer resources\Database Handler\Database Tables</Filter>
    </ClInclude>
    <ClInclude Include="Query.h">
      <Filter>Pliki nagłówkowe</Filter>
    </ClInclude>
    <ClInclude Include="TableAbstract.h">
      <Filter>Server resources\Logic Layer resources\Database Handler\Database Tables 2</Filter>
    </ClInclude>
    <ClInclude Include="MaterialEnt.h">
      <Filter>Server resources\Logic Layer resources\Database Handler\Database Tables 2\Entities</Filter>
    </ClInclude>
  </ItemGroup>
  <ItemGroup>
    <ClCompile Include="pch.cpp">
      <Filter>Pliki źródłowe</Filter>
    </ClCompile>
    <ClCompile Include="ServerSide.cpp">
      <Filter>Pliki źródłowe</Filter>
    </ClCompile>
    <ClCompile Include="Client.cpp">
      <Filter>Server resources\Router resources</Filter>
    </ClCompile>
    <ClCompile Include="Listener.cpp">
      <Filter>Server resources\Router resources</Filter>
    </ClCompile>
    <ClCompile Include="Router.cpp">
      <Filter>Server resources\Router resources</Filter>
    </ClCompile>
    <ClCompile Include="ConnectedClientsList.cpp">
      <Filter>Server resources\Router resources</Filter>
    </ClCompile>
    <ClCompile Include="RequestHandler.cpp">
      <Filter>Server resources\Logic Layer resources</Filter>
    </ClCompile>
    <ClCompile Include="ResponseHandler.cpp">
      <Filter>Server resources\Logic Layer resources</Filter>
    </ClCompile>
    <ClCompile Include="Request.cpp">
      <Filter>Server resources\Router resources</Filter>
    </ClCompile>
    <ClCompile Include="DatabaseHandler.cpp">
      <Filter>Server resources\Logic Layer resources\Database Handler</Filter>
    </ClCompile>
    <ClCompile Include="RequestTranslatorXML.cpp">
      <Filter>Server resources\Logic Layer resources</Filter>
    </ClCompile>
    <ClCompile Include="Server.cpp">
      <Filter>Server resources</Filter>
    </ClCompile>
    <ClCompile Include="RequestsQueue.cpp">
      <Filter>Server resources\Queues resources</Filter>
    </ClCompile>
    <ClCompile Include="ExceptionsSystem.cpp">
      <Filter>Server resources</Filter>
    </ClCompile>
    <ClCompile Include="QueryGenerator.cpp">
      <Filter>Server resources\Logic Layer resources\Database Handler</Filter>
    </ClCompile>
    <ClCompile Include="MaterialTable.cpp">
      <Filter>Server resources\Logic Layer resources\Database Handler\Database Tables\Material Table</Filter>
    </ClCompile>
    <ClCompile Include="MaterialEntity.cpp">
      <Filter>Server resources\Logic Layer resources\Database Handler\Database Tables\Material Table</Filter>
    </ClCompile>
    <ClCompile Include="Query.cpp">
      <Filter>Pliki źródłowe</Filter>
    </ClCompile>
    <ClCompile Include="MaterialEnt.cpp">
      <Filter>Server resources\Logic Layer resources\Database Handler\Database Tables 2\Entities</Filter>
    </ClCompile>
  </ItemGroup>
  <ItemGroup>
    <ResourceCompile Include="ServerSide.rc">
      <Filter>Pliki zasobów</Filter>
    </ResourceCompile>
  </ItemGroup>
  <ItemGroup>
    <None Include="packages.config" />
  </ItemGroup>
</Project>