<?xml version="1.0" encoding="utf-8"?>
<Project ToolsVersion="4.0" xmlns="http://schemas.microsoft.com/developer/msbuild/2003">
  <ItemGroup>
    <Filter Include="Pliki źródłowe">
      <UniqueIdentifier>{4FC737F1-C7A5-4376-A066-2A32D752A2FF}</UniqueIdentifier>
      <Extensions>cpp;c;cc;cxx;def;odl;idl;hpj;bat;asm;asmx</Extensions>
    </Filter>
    <Filter Include="Pliki nagłówkowe">
      <UniqueIdentifier>{93995380-89BD-4b04-88EB-625FBE52EBFB}</UniqueIdentifier>
      <Extensions>h;hh;hpp;hxx;hm;inl;inc;ipp;xsd</Extensions>
    </Filter>
    <Filter Include="Pliki zasobów">
      <UniqueIdentifier>{67DA6AB6-F800-4c08-8B7A-83BB121AAD01}</UniqueIdentifier>
      <Extensions>rc;ico;cur;bmp;dlg;rc2;rct;bin;rgs;gif;jpg;jpeg;jpe;resx;tiff;tif;png;wav;mfcribbon-ms</Extensions>
    </Filter>
    <Filter Include="Connection Handler">
      <UniqueIdentifier>{c25d4461-da03-4987-b5d2-2fcf9b35ff66}</UniqueIdentifier>
    </Filter>
    <Filter Include="Query Mapper">
      <UniqueIdentifier>{6c8191a0-ca33-4cf4-8c6b-193cb6c1354c}</UniqueIdentifier>
    </Filter>
  </ItemGroup>
  <ItemGroup>
    <ClInclude Include="pch.h">
      <Filter>Pliki nagłówkowe</Filter>
    </ClInclude>
    <ClInclude Include="ConnectionHandler.h">
      <Filter>Connection Handler</Filter>
    </ClInclude>
    <ClInclude Include="CreateMethodDocument.h">
      <Filter>Query Mapper</Filter>
    </ClInclude>
    <ClInclude Include="ReadMethodDocument.h">
      <Filter>Query Mapper</Filter>
    </ClInclude>
  </ItemGroup>
  <ItemGroup>
    <ClCompile Include="pch.cpp">
      <Filter>Pliki źródłowe</Filter>
    </ClCompile>
    <ClCompile Include="ClientSide.cpp">
      <Filter>Pliki źródłowe</Filter>
    </ClCompile>
    <ClCompile Include="ConnectionHandler.cpp">
      <Filter>Connection Handler</Filter>
    </ClCompile>
    <ClCompile Include="CreateMethodDocument.cpp">
      <Filter>Query Mapper</Filter>
    </ClCompile>
    <ClCompile Include="ReadMethodDocument.cpp">
      <Filter>Query Mapper</Filter>
    </ClCompile>
  </ItemGroup>
  <ItemGroup>
    <None Include="packages.config" />
  </ItemGroup>
</Project>